# THIS IS AN AUTOGENERATED FILE. DO NOT EDIT THIS FILE DIRECTLY.
# yarn lockfile v1


"@rojer/katex-mini@^1.0.8":
  version "1.1.1"
  resolved "https://registry.npmjs.org/@rojer/katex-mini/-/katex-mini-1.1.1.tgz#d51cc13337e635a554307611d5f4e8fef5ce869a"
  integrity sha512-9+AuLTaHbBzuEi3Yp8wZDEVkq3DcnMxtyG7gda0flGbA9MEpanGPUtzcBrmd8FLBYO4+LMvzvpOqXyoKTpjC4Q==
  dependencies:
    katex "^0.16.0"

commander@^8.0.0:
  version "8.3.0"
  resolved "https://registry.npmjs.org/commander/-/commander-8.3.0.tgz#4837ea1b2da67b9c616a67afbb0fafee567bca66"
  integrity sha512-OkTL9umf+He2DZkUq8f8J9of7yL6RJKI24dVITBmNfZBmri9zYZQrKkuXiKhyfPSu8tUhnVBB1iKXevvnlR4Ww==

katex@^0.15.2:
  version "0.15.6"
  resolved "https://registry.npmjs.org/katex/-/katex-0.15.6.tgz#c4e2f6ced2ac4de1ef6f737fe7c67d3026baa0e5"
  integrity sha512-UpzJy4yrnqnhXvRPhjEuLA4lcPn6eRngixW7Q3TJErjg3Aw2PuLFBzTkdUb89UtumxjhHTqL3a5GDGETMSwgJA==
  dependencies:
    commander "^8.0.0"

katex@^0.16.0:
  version "0.16.0"
  resolved "https://registry.npmjs.org/katex/-/katex-0.16.0.tgz#4faff4c905aad0c6010e85901c4d9140efb80a5e"
  integrity sha512-wPRB4iUPysfH97wTgG5/tRLYxmKVq6Q4jRAWRVOUxXB1dsiv4cvcNjqabHkrOvJHM1Bpk3WrgmllSO1vIvP24w==
  dependencies:
    commander "^8.0.0"
